{
  "version": 4,
  "terraform_version": "1.3.9",
  "serial": 1,
  "lineage": "4d968b42-b914-7363-78cf-5f840b8d8b72",
  "outputs": {},
  "resources": [
    {
      "mode": "managed",
      "type": "aiven_redis",
      "name": "single-node-aiven-redis",
      "provider": "provider[\"registry.terraform.io/aiven/aiven\"]",
      "instances": [
        {
          "schema_version": 1,
          "attributes": {
            "additional_disk_space": null,
            "cloud_name": "aws-us-east-1",
            "components": [
              {
                "component": "redis",
                "host": "aws-us-redis-stridehealth-435e.aivencloud.com",
                "kafka_authentication_method": "",
                "port": 16414,
                "route": "dynamic",
                "ssl": true,
                "usage": "primary"
              }
            ],
            "disk_space": null,
            "disk_space_cap": "0B",
            "disk_space_default": "0B",
            "disk_space_step": "0B",
            "disk_space_used": "0B",
            "id": "stridehealth-435e/aws-us-redis",
            "maintenance_window_dow": "monday",
            "maintenance_window_time": "12:40:18",
            "plan": "hobbyist",
            "project": "stridehealth-435e",
            "project_vpc_id": null,
            "redis": [
              {}
            ],
            "redis_user_config": [
              {
                "additional_backup_regions": [],
                "ip_filter": [
                  "0.0.0.0/0"
                ],
                "ip_filter_object": [],
                "ip_filter_string": [],
                "migration": [],
                "private_access": [],
                "privatelink_access": [],
                "project_to_fork_from": "",
                "public_access": [],
                "recovery_basebackup_name": "",
                "redis_acl_channels_default": "",
                "redis_io_threads": 0,
                "redis_lfu_decay_time": 1,
                "redis_lfu_log_factor": 10,
                "redis_maxmemory_policy": "noeviction",
                "redis_notify_keyspace_events": "",
                "redis_number_of_databases": 0,
                "redis_persistence": "",
                "redis_pubsub_client_output_buffer_limit": 0,
                "redis_ssl": true,
                "redis_timeout": 300,
                "service_to_fork_from": "",
                "static_ips": false
              }
            ],
            "service_host": "aws-us-redis-stridehealth-435e.aivencloud.com",
            "service_integrations": [],
            "service_name": "aws-us-redis",
            "service_password": "AVNS_xlYl_59mhyUWqRCiG0w",
            "service_port": 16414,
            "service_type": "redis",
            "service_uri": "rediss://default:AVNS_xlYl_59mhyUWqRCiG0w@aws-us-redis-stridehealth-435e.aivencloud.com:16414",
            "service_username": "default",
            "state": "RUNNING",
            "static_ips": null,
            "tag": [],
            "termination_protection": false,
            "timeouts": null
          },
          "sensitive_attributes": [],
          "private": "eyJlMmJmYjczMC1lY2FhLTExZTYtOGY4OC0zNDM2M2JjN2M0YzAiOnsiY3JlYXRlIjoxMjAwMDAwMDAwMDAwLCJkZWZhdWx0IjoxMjAwMDAwMDAwMDAwLCJkZWxldGUiOjEyMDAwMDAwMDAwMDAsInJlYWQiOjEyMDAwMDAwMDAwMDAsInVwZGF0ZSI6MTIwMDAwMDAwMDAwMH0sInNjaGVtYV92ZXJzaW9uIjoiMSJ9"
        }
      ]
    }
  ],
  "check_results": null
}
