{
  "version": 4,
  "terraform_version": "1.3.9",
  "serial": 41,
  "lineage": "4d968b42-b914-7363-78cf-5f840b8d8b72",
  "outputs": {
    "aiven_pg_uri": {
      "value": "postgres://avnadmin:AVNS_lzbsxq0hWoIsUO8mvMT@postgres-google-us-west1-stridehealth-435e.aivencloud.com:16413/defaultdb?sslmode=require",
      "type": "string",
      "sensitive": true
    },
    "aiven_redis_uri": {
      "value": "rediss://default:AVNS_jIJfiV4YEyDRiV57us7@redis-google-us-west1-stridehealth-435e.aivencloud.com:16414",
      "type": "string",
      "sensitive": true
    }
  },
  "resources": [
    {
      "mode": "managed",
      "type": "aiven_pg",
      "name": "postgres_service",
      "provider": "provider[\"registry.terraform.io/aiven/aiven\"]",
      "instances": [
        {
          "schema_version": 1,
          "attributes": {
            "additional_disk_space": null,
            "cloud_name": "google-us-west1",
            "components": [
              {
                "component": "pg",
                "host": "postgres-google-us-west1-stridehealth-435e.aivencloud.com",
                "kafka_authentication_method": "",
                "port": 16413,
                "route": "dynamic",
                "ssl": true,
                "usage": "primary"
              },
              {
                "component": "pgbouncer",
                "host": "postgres-google-us-west1-stridehealth-435e.aivencloud.com",
                "kafka_authentication_method": "",
                "port": 16414,
                "route": "dynamic",
                "ssl": true,
                "usage": "primary"
              }
            ],
            "disk_space": null,
            "disk_space_cap": "400GiB",
            "disk_space_default": "80GiB",
            "disk_space_step": "10GiB",
            "disk_space_used": "80GiB",
            "id": "stridehealth-435e/postgres-google-us-west1",
            "maintenance_window_dow": "wednesday",
            "maintenance_window_time": "08:49:29",
            "pg": [
              {
                "dbname": "defaultdb",
                "host": "35.233.138.6",
                "max_connections": 100,
                "password": "AVNS_lzbsxq0hWoIsUO8mvMT",
                "port": 16413,
                "replica_uri": "",
                "sslmode": "require",
                "uri": "postgres://avnadmin:AVNS_lzbsxq0hWoIsUO8mvMT@35.233.138.6:16413/defaultdb?sslmode=require",
                "user": "avnadmin"
              }
            ],
            "pg_user_config": [
              {
                "additional_backup_regions": [],
                "admin_password": "",
                "admin_username": "",
                "backup_hour": 11,
                "backup_minute": 16,
                "enable_ipv6": false,
                "ip_filter": [
                  "0.0.0.0/0"
                ],
                "ip_filter_object": [],
                "ip_filter_string": [],
                "migration": [],
                "pg": [
                  {
                    "autovacuum_analyze_scale_factor": 0,
                    "autovacuum_analyze_threshold": 0,
                    "autovacuum_freeze_max_age": 0,
                    "autovacuum_max_workers": 0,
                    "autovacuum_naptime": 0,
                    "autovacuum_vacuum_cost_delay": 0,
                    "autovacuum_vacuum_cost_limit": 0,
                    "autovacuum_vacuum_scale_factor": 0,
                    "autovacuum_vacuum_threshold": 0,
                    "bgwriter_delay": 0,
                    "bgwriter_flush_after": 0,
                    "bgwriter_lru_maxpages": 0,
                    "bgwriter_lru_multiplier": 0,
                    "deadlock_timeout": 0,
                    "default_toast_compression": "",
                    "idle_in_transaction_session_timeout": 0,
                    "jit": false,
                    "log_autovacuum_min_duration": 0,
                    "log_error_verbosity": "",
                    "log_line_prefix": "",
                    "log_min_duration_statement": 0,
                    "log_temp_files": 0,
                    "max_files_per_process": 0,
                    "max_locks_per_transaction": 0,
                    "max_logical_replication_workers": 0,
                    "max_parallel_workers": 0,
                    "max_parallel_workers_per_gather": 0,
                    "max_pred_locks_per_transaction": 0,
                    "max_prepared_transactions": 0,
                    "max_replication_slots": 0,
                    "max_slot_wal_keep_size": 0,
                    "max_stack_depth": 0,
                    "max_standby_archive_delay": 0,
                    "max_standby_streaming_delay": 0,
                    "max_wal_senders": 0,
                    "max_worker_processes": 0,
                    "pg_partman_bgw__dot__interval": 0,
                    "pg_partman_bgw__dot__role": "",
                    "pg_stat_monitor__dot__pgsm_enable_query_plan": false,
                    "pg_stat_monitor__dot__pgsm_max_buckets": 0,
                    "pg_stat_statements__dot__track": "",
                    "temp_file_limit": 0,
                    "timezone": "",
                    "track_activity_query_size": 0,
                    "track_commit_timestamp": "",
                    "track_functions": "",
                    "track_io_timing": "",
                    "wal_sender_timeout": 0,
                    "wal_writer_delay": 0
                  }
                ],
                "pg_read_replica": false,
                "pg_service_to_fork_from": "",
                "pg_stat_monitor_enable": false,
                "pg_version": "15",
                "pgbouncer": [],
                "pglookout": [
                  {
                    "max_failover_replication_time_lag": 60
                  }
                ],
                "private_access": [],
                "privatelink_access": [],
                "project_to_fork_from": "",
                "public_access": [],
                "recovery_target_time": "",
                "service_to_fork_from": "",
                "shared_buffers_percentage": 0,
                "static_ips": false,
                "synchronous_replication": "",
                "timescaledb": [],
                "variant": "",
                "work_mem": 0
              }
            ],
            "plan": "startup-4",
            "project": "stridehealth-435e",
            "project_vpc_id": null,
            "service_host": "postgres-google-us-west1-stridehealth-435e.aivencloud.com",
            "service_integrations": [],
            "service_name": "postgres-google-us-west1",
            "service_password": "AVNS_lzbsxq0hWoIsUO8mvMT",
            "service_port": 16413,
            "service_type": "pg",
            "service_uri": "postgres://avnadmin:AVNS_lzbsxq0hWoIsUO8mvMT@postgres-google-us-west1-stridehealth-435e.aivencloud.com:16413/defaultdb?sslmode=require",
            "service_username": "avnadmin",
            "state": "RUNNING",
            "static_ips": null,
            "tag": [],
            "termination_protection": false,
            "timeouts": null
          },
          "sensitive_attributes": [],
          "private": "eyJlMmJmYjczMC1lY2FhLTExZTYtOGY4OC0zNDM2M2JjN2M0YzAiOnsiY3JlYXRlIjoxMjAwMDAwMDAwMDAwLCJkZWZhdWx0IjoxMjAwMDAwMDAwMDAwLCJkZWxldGUiOjEyMDAwMDAwMDAwMDAsInJlYWQiOjEyMDAwMDAwMDAwMDAsInVwZGF0ZSI6MTIwMDAwMDAwMDAwMH0sInNjaGVtYV92ZXJzaW9uIjoiMSJ9"
        }
      ]
    },
    {
      "mode": "managed",
      "type": "aiven_pg_database",
      "name": "relational_database",
      "provider": "provider[\"registry.terraform.io/aiven/aiven\"]",
      "instances": [
        {
          "schema_version": 0,
          "attributes": {
            "database_name": "relational_database",
            "id": "stridehealth-435e/postgres-google-us-west1/relational_database",
            "lc_collate": "en_US.UTF-8",
            "lc_ctype": "en_US.UTF-8",
            "project": "stridehealth-435e",
            "service_name": "postgres-google-us-west1",
            "termination_protection": false,
            "timeouts": null
          },
          "sensitive_attributes": [],
          "private": "eyJlMmJmYjczMC1lY2FhLTExZTYtOGY4OC0zNDM2M2JjN2M0YzAiOnsiY3JlYXRlIjoxMjAwMDAwMDAwMDAwLCJkZWZhdWx0IjoxMjAwMDAwMDAwMDAwLCJkZWxldGUiOjEyMDAwMDAwMDAwMDAsInJlYWQiOjEyMDAwMDAwMDAwMDAsInVwZGF0ZSI6MTIwMDAwMDAwMDAwMH19",
          "dependencies": [
            "aiven_pg.postgres_service"
          ]
        }
      ]
    },
    {
      "mode": "managed",
      "type": "aiven_pg_user",
      "name": "postgres_admin_user",
      "provider": "provider[\"registry.terraform.io/aiven/aiven\"]",
      "instances": [
        {
          "schema_version": 0,
          "attributes": {
            "access_cert": null,
            "access_key": null,
            "id": "stridehealth-435e/postgres-google-us-west1/admin",
            "password": "insecurepassword",
            "pg_allow_replication": false,
            "project": "stridehealth-435e",
            "service_name": "postgres-google-us-west1",
            "timeouts": null,
            "type": "normal",
            "username": "admin"
          },
          "sensitive_attributes": [
            [
              {
                "type": "get_attr",
                "value": "password"
              }
            ],
            [
              {
                "type": "get_attr",
                "value": "username"
              }
            ]
          ],
          "private": "eyJlMmJmYjczMC1lY2FhLTExZTYtOGY4OC0zNDM2M2JjN2M0YzAiOnsiY3JlYXRlIjoxMjAwMDAwMDAwMDAwLCJkZWZhdWx0IjoxMjAwMDAwMDAwMDAwLCJkZWxldGUiOjEyMDAwMDAwMDAwMDAsInJlYWQiOjEyMDAwMDAwMDAwMDAsInVwZGF0ZSI6MTIwMDAwMDAwMDAwMH19",
          "dependencies": [
            "aiven_pg.postgres_service"
          ]
        }
      ]
    },
    {
      "mode": "managed",
      "type": "aiven_redis",
      "name": "redis_service",
      "provider": "provider[\"registry.terraform.io/aiven/aiven\"]",
      "instances": [
        {
          "schema_version": 1,
          "attributes": {
            "additional_disk_space": null,
            "cloud_name": "google-us-west1",
            "components": [
              {
                "component": "redis",
                "host": "redis-google-us-west1-stridehealth-435e.aivencloud.com",
                "kafka_authentication_method": "",
                "port": 16414,
                "route": "dynamic",
                "ssl": true,
                "usage": "primary"
              }
            ],
            "disk_space": null,
            "disk_space_cap": "0B",
            "disk_space_default": "0B",
            "disk_space_step": "0B",
            "disk_space_used": "0B",
            "id": "stridehealth-435e/redis-google-us-west1",
            "maintenance_window_dow": "thursday",
            "maintenance_window_time": "09:15:18",
            "plan": "startup-4",
            "project": "stridehealth-435e",
            "project_vpc_id": null,
            "redis": [
              {}
            ],
            "redis_user_config": [
              {
                "additional_backup_regions": [],
                "ip_filter": [
                  "0.0.0.0/0"
                ],
                "ip_filter_object": [],
                "ip_filter_string": [],
                "migration": [],
                "private_access": [],
                "privatelink_access": [],
                "project_to_fork_from": "",
                "public_access": [],
                "recovery_basebackup_name": "",
                "redis_acl_channels_default": "",
                "redis_io_threads": 0,
                "redis_lfu_decay_time": 1,
                "redis_lfu_log_factor": 10,
                "redis_maxmemory_policy": "noeviction",
                "redis_notify_keyspace_events": "",
                "redis_number_of_databases": 0,
                "redis_persistence": "",
                "redis_pubsub_client_output_buffer_limit": 0,
                "redis_ssl": true,
                "redis_timeout": 300,
                "service_to_fork_from": "",
                "static_ips": false
              }
            ],
            "service_host": "redis-google-us-west1-stridehealth-435e.aivencloud.com",
            "service_integrations": [],
            "service_name": "redis-google-us-west1",
            "service_password": "AVNS_jIJfiV4YEyDRiV57us7",
            "service_port": 16414,
            "service_type": "redis",
            "service_uri": "rediss://default:AVNS_jIJfiV4YEyDRiV57us7@redis-google-us-west1-stridehealth-435e.aivencloud.com:16414",
            "service_username": "default",
            "state": "RUNNING",
            "static_ips": null,
            "tag": [],
            "termination_protection": false,
            "timeouts": null
          },
          "sensitive_attributes": [],
          "private": "eyJlMmJmYjczMC1lY2FhLTExZTYtOGY4OC0zNDM2M2JjN2M0YzAiOnsiY3JlYXRlIjoxMjAwMDAwMDAwMDAwLCJkZWZhdWx0IjoxMjAwMDAwMDAwMDAwLCJkZWxldGUiOjEyMDAwMDAwMDAwMDAsInJlYWQiOjEyMDAwMDAwMDAwMDAsInVwZGF0ZSI6MTIwMDAwMDAwMDAwMH0sInNjaGVtYV92ZXJzaW9uIjoiMSJ9"
        }
      ]
    },
    {
      "mode": "managed",
      "type": "aiven_redis",
      "name": "single-node-aiven-redis",
      "provider": "provider[\"registry.terraform.io/aiven/aiven\"]",
      "instances": [
        {
          "schema_version": 1,
          "attributes": {
            "additional_disk_space": null,
            "cloud_name": "aws-us-east-1",
            "components": [
              {
                "component": "redis",
                "host": "aws-us-redis-stridehealth-435e.aivencloud.com",
                "kafka_authentication_method": "",
                "port": 16414,
                "route": "dynamic",
                "ssl": true,
                "usage": "primary"
              }
            ],
            "disk_space": null,
            "disk_space_cap": "0B",
            "disk_space_default": "0B",
            "disk_space_step": "0B",
            "disk_space_used": "0B",
            "id": "stridehealth-435e/aws-us-redis",
            "maintenance_window_dow": "thursday",
            "maintenance_window_time": "01:46:59",
            "plan": "hobbyist",
            "project": "stridehealth-435e",
            "project_vpc_id": null,
            "redis": [
              {}
            ],
            "redis_user_config": [
              {
                "additional_backup_regions": [],
                "ip_filter": [
                  "0.0.0.0/0"
                ],
                "ip_filter_object": [],
                "ip_filter_string": [],
                "migration": [],
                "private_access": [],
                "privatelink_access": [],
                "project_to_fork_from": "",
                "public_access": [],
                "recovery_basebackup_name": "",
                "redis_acl_channels_default": "",
                "redis_io_threads": 0,
                "redis_lfu_decay_time": 1,
                "redis_lfu_log_factor": 10,
                "redis_maxmemory_policy": "noeviction",
                "redis_notify_keyspace_events": "",
                "redis_number_of_databases": 0,
                "redis_persistence": "",
                "redis_pubsub_client_output_buffer_limit": 0,
                "redis_ssl": true,
                "redis_timeout": 300,
                "service_to_fork_from": "",
                "static_ips": false
              }
            ],
            "service_host": "aws-us-redis-stridehealth-435e.aivencloud.com",
            "service_integrations": [],
            "service_name": "aws-us-redis",
            "service_password": "AVNS_HxCPHaWm8ioyjtyAZfs",
            "service_port": 16414,
            "service_type": "redis",
            "service_uri": "rediss://default:AVNS_HxCPHaWm8ioyjtyAZfs@aws-us-redis-stridehealth-435e.aivencloud.com:16414",
            "service_username": "default",
            "state": "RUNNING",
            "static_ips": null,
            "tag": [],
            "termination_protection": false,
            "timeouts": null
          },
          "sensitive_attributes": [],
          "private": "eyJlMmJmYjczMC1lY2FhLTExZTYtOGY4OC0zNDM2M2JjN2M0YzAiOnsiY3JlYXRlIjoxMjAwMDAwMDAwMDAwLCJkZWZhdWx0IjoxMjAwMDAwMDAwMDAwLCJkZWxldGUiOjEyMDAwMDAwMDAwMDAsInJlYWQiOjEyMDAwMDAwMDAwMDAsInVwZGF0ZSI6MTIwMDAwMDAwMDAwMH0sInNjaGVtYV92ZXJzaW9uIjoiMSJ9"
        }
      ]
    },
    {
      "mode": "managed",
      "type": "aiven_redis_user",
      "name": "redis_admin_user",
      "provider": "provider[\"registry.terraform.io/aiven/aiven\"]",
      "instances": [
        {
          "schema_version": 0,
          "attributes": {
            "id": "stridehealth-435e/redis-google-us-west1/admin",
            "password": "insecurepassword",
            "project": "stridehealth-435e",
            "redis_acl_categories": null,
            "redis_acl_channels": null,
            "redis_acl_commands": null,
            "redis_acl_keys": null,
            "service_name": "redis-google-us-west1",
            "timeouts": null,
            "type": "regular",
            "username": "admin"
          },
          "sensitive_attributes": [
            [
              {
                "type": "get_attr",
                "value": "password"
              }
            ],
            [
              {
                "type": "get_attr",
                "value": "username"
              }
            ]
          ],
          "private": "eyJlMmJmYjczMC1lY2FhLTExZTYtOGY4OC0zNDM2M2JjN2M0YzAiOnsiY3JlYXRlIjoxMjAwMDAwMDAwMDAwLCJkZWZhdWx0IjoxMjAwMDAwMDAwMDAwLCJkZWxldGUiOjEyMDAwMDAwMDAwMDAsInJlYWQiOjEyMDAwMDAwMDAwMDAsInVwZGF0ZSI6MTIwMDAwMDAwMDAwMH19",
          "dependencies": [
            "aiven_redis.redis_service"
          ]
        }
      ]
    },
    {
      "mode": "managed",
      "type": "aiven_service_integration",
      "name": "clickhouse_postgres_source",
      "provider": "provider[\"registry.terraform.io/aiven/aiven\"]",
      "instances": []
    }
  ],
  "check_results": null
}
