{"format_version":"1.1","terraform_version":"1.3.9","variables":{"aiven_api_token":{"value":"Ai9TqiX1Hrw6a/Re0daKsqxvZdqwIlpKWIxt9qR7182VejW4FlO+kOtxo/qGzqVDbi/r9y+eN0TJFWfQ2TiN8+rbfFb2yZTXb8kH2qlabQKEAgDvqOGlrosAjsQBV+LdBNsDuFAbxVauogeDIeJvhBbsJdTzJYrk6TUmVuqjYVDfffabJsg8xdV4bdM69JaLk8rMsOdjQvKtUCrv0jvC/++AJByS7luhSVp0S2RqeyU/wPSCmJbej8hilt5VEevfW6E1XSvDpgCUC0HO5dw+nE7IjYE3GuDtYZai83XYJWjD7nvMmuu6r0IVk3beUZD6fOaUyEkC5pIL4dkFutY6llY67xpUwoYH5UBdkU419o7Oo7aeP6QMsvjwut/gqcA="},"project_name":{"value":"stridehealth-435e"}},"planned_values":{"root_module":{"resources":[{"address":"aiven_redis.redis-demo","mode":"managed","type":"aiven_redis","name":"redis-demo","provider_name":"registry.terraform.io/aiven/aiven","schema_version":1,"values":{"additional_disk_space":null,"cloud_name":"aws-us-east1","disk_space":null,"maintenance_window_dow":null,"maintenance_window_time":null,"plan":"hobbyist","project":"devrel-dewan","project_vpc_id":null,"redis_user_config":[],"service_integrations":[],"service_name":"redis-demo","service_type":"redis","static_ips":null,"tag":[],"termination_protection":null,"timeouts":null},"sensitive_values":{"components":[],"redis":[],"redis_user_config":[],"service_integrations":[],"tag":[]}}]}},"resource_changes":[{"address":"aiven_redis.redis-demo","mode":"managed","type":"aiven_redis","name":"redis-demo","provider_name":"registry.terraform.io/aiven/aiven","change":{"actions":["create"],"before":null,"after":{"additional_disk_space":null,"cloud_name":"aws-us-east1","disk_space":null,"maintenance_window_dow":null,"maintenance_window_time":null,"plan":"hobbyist","project":"devrel-dewan","project_vpc_id":null,"redis_user_config":[],"service_integrations":[],"service_name":"redis-demo","service_type":"redis","static_ips":null,"tag":[],"termination_protection":null,"timeouts":null},"after_unknown":{"components":true,"disk_space_cap":true,"disk_space_default":true,"disk_space_step":true,"disk_space_used":true,"id":true,"redis":true,"redis_user_config":[],"service_host":true,"service_integrations":[],"service_password":true,"service_port":true,"service_uri":true,"service_username":true,"state":true,"tag":[]},"before_sensitive":false,"after_sensitive":{"components":[],"redis":[],"redis_user_config":[],"service_integrations":[],"service_password":true,"service_uri":true,"tag":[]}}}],"configuration":{"provider_config":{"aiven":{"name":"aiven","full_name":"registry.terraform.io/aiven/aiven","version_constraint":"~\u003e 4.1.0","expressions":{"api_token":{"references":["var.aiven_api_token"]}}}},"root_module":{"resources":[{"address":"aiven_redis.redis-demo","mode":"managed","type":"aiven_redis","name":"redis-demo","provider_config_key":"aiven","expressions":{"cloud_name":{"constant_value":"aws-us-east1"},"plan":{"constant_value":"hobbyist"},"project":{"constant_value":"devrel-dewan"},"service_name":{"constant_value":"redis-demo"}},"schema_version":1}],"variables":{"aiven_api_token":{"description":"Aiven console API token"},"project_name":{"description":"Aiven console project name"}}}}}
